version = 1
revision = 2
requires-python = ">=3.13"

[[package]]
name = "attrs"
version = "21.4.0"
source = { registry = "https://pypi.org/simple" }
sdist = { url = "https://files.pythonhosted.org/packages/d7/77/ebb15fc26d0f815839ecd897b919ed6d85c050feeb83e100e020df9153d2/attrs-21.4.0.tar.gz", hash = "sha256:626ba8234211db98e869df76230a137c4c40a12d72445c45d5f5b716f076e2fd", size = 201839, upload-time = "2021-12-29T13:15:09.056Z" }
wheels = [
    { url = "https://files.pythonhosted.org/packages/be/be/7abce643bfdf8ca01c48afa2ddf8308c2308b0c3b239a44e57d020afa0ef/attrs-21.4.0-py2.py3-none-any.whl", hash = "sha256:2d27e3784d7a565d36ab851fe94887c5eccd6a463168875832a1be79c82828b4", size = 60567, upload-time = "2021-12-29T13:15:06.703Z" },
]

[[package]]
name = "cattrs"
version = "1.10.0"
source = { registry = "https://pypi.org/simple" }
dependencies = [
    { name = "attrs" },
]
sdist = { url = "https://files.pythonhosted.org/packages/6c/8d/0f54eca4b2051431297bc963b6fe29541e6b925b9fa0027494376c8c2f9b/cattrs-1.10.0.tar.gz", hash = "sha256:211800f725cdecedcbcf4c753bbd22d248312b37d130f06045434acb7d9b34e1", size = 24893, upload-time = "2022-01-03T23:27:36Z" }
wheels = [
    { url = "https://files.pythonhosted.org/packages/b8/bb/0a4ae331fb64b0ccc6a83161d9aa462b2c38758823ac0ae48954714d5293/cattrs-1.10.0-py3-none-any.whl", hash = "sha256:35dd9063244263e63bd0bd24ea61e3015b00272cead084b2c40d788b0f857c46", size = 29697, upload-time = "2022-01-03T23:27:33.911Z" },
]

[[package]]
name = "isort"
version = "6.0.1"
source = { registry = "https://pypi.org/simple" }
sdist = { url = "https://files.pythonhosted.org/packages/b8/21/1e2a441f74a653a144224d7d21afe8f4169e6c7c20bb13aec3a2dc3815e0/isort-6.0.1.tar.gz", hash = "sha256:1cb5df28dfbc742e490c5e41bad6da41b805b0a8be7bc93cd0fb2a8a890ac450", size = 821955, upload-time = "2025-02-26T21:13:16.955Z" }
wheels = [
    { url = "https://files.pythonhosted.org/packages/c1/11/114d0a5f4dabbdcedc1125dee0888514c3c3b16d3e9facad87ed96fad97c/isort-6.0.1-py3-none-any.whl", hash = "sha256:2dc5d7f65c9678d94c88dfc29161a320eec67328bc97aad576874cb4be1e9615", size = 94186, upload-time = "2025-02-26T21:13:14.911Z" },
]

[[package]]
name = "packaging"
version = "25.0"
source = { registry = "https://pypi.org/simple" }
sdist = { url = "https://files.pythonhosted.org/packages/a1/d4/1fc4078c65507b51b96ca8f8c3ba19e6a61c8253c72794544580a7b6c24d/packaging-25.0.tar.gz", hash = "sha256:d443872c98d677bf60f6a1f2f8c1cb748e8fe762d2bf9d3148b5599295b0fc4f", size = 165727, upload-time = "2025-04-19T11:48:59.673Z" }
wheels = [
    { url = "https://files.pythonhosted.org/packages/20/12/38679034af332785aac8774540895e234f4d07f7545804097de4b666afd8/packaging-25.0-py3-none-any.whl", hash = "sha256:29572ef2b1f17581046b3a2227d5c611fb25ec70ca1ba8554b24b0e69331a484", size = 66469, upload-time = "2025-04-19T11:48:57.875Z" },
]

[[package]]
name = "pyyaml"
version = "6.0.2"
source = { registry = "https://pypi.org/simple" }
sdist = { url = "https://files.pythonhosted.org/packages/54/ed/79a089b6be93607fa5cdaedf301d7dfb23af5f25c398d5ead2525b063e17/pyyaml-6.0.2.tar.gz", hash = "sha256:d584d9ec91ad65861cc08d42e834324ef890a082e591037abe114850ff7bbc3e", size = 130631, upload-time = "2024-08-06T20:33:50.674Z" }
wheels = [
    { url = "https://files.pythonhosted.org/packages/ef/e3/3af305b830494fa85d95f6d95ef7fa73f2ee1cc8ef5b495c7c3269fb835f/PyYAML-6.0.2-cp313-cp313-macosx_10_13_x86_64.whl", hash = "sha256:efdca5630322a10774e8e98e1af481aad470dd62c3170801852d752aa7a783ba", size = 181309, upload-time = "2024-08-06T20:32:43.4Z" },
    { url = "https://files.pythonhosted.org/packages/45/9f/3b1c20a0b7a3200524eb0076cc027a970d320bd3a6592873c85c92a08731/PyYAML-6.0.2-cp313-cp313-macosx_11_0_arm64.whl", hash = "sha256:50187695423ffe49e2deacb8cd10510bc361faac997de9efef88badc3bb9e2d1", size = 171679, upload-time = "2024-08-06T20:32:44.801Z" },
    { url = "https://files.pythonhosted.org/packages/7c/9a/337322f27005c33bcb656c655fa78325b730324c78620e8328ae28b64d0c/PyYAML-6.0.2-cp313-cp313-manylinux_2_17_aarch64.manylinux2014_aarch64.whl", hash = "sha256:0ffe8360bab4910ef1b9e87fb812d8bc0a308b0d0eef8c8f44e0254ab3b07133", size = 733428, upload-time = "2024-08-06T20:32:46.432Z" },
    { url = "https://files.pythonhosted.org/packages/a3/69/864fbe19e6c18ea3cc196cbe5d392175b4cf3d5d0ac1403ec3f2d237ebb5/PyYAML-6.0.2-cp313-cp313-manylinux_2_17_s390x.manylinux2014_s390x.whl", hash = "sha256:17e311b6c678207928d649faa7cb0d7b4c26a0ba73d41e99c4fff6b6c3276484", size = 763361, upload-time = "2024-08-06T20:32:51.188Z" },
    { url = "https://files.pythonhosted.org/packages/04/24/b7721e4845c2f162d26f50521b825fb061bc0a5afcf9a386840f23ea19fa/PyYAML-6.0.2-cp313-cp313-manylinux_2_17_x86_64.manylinux2014_x86_64.whl", hash = "sha256:70b189594dbe54f75ab3a1acec5f1e3faa7e8cf2f1e08d9b561cb41b845f69d5", size = 759523, upload-time = "2024-08-06T20:32:53.019Z" },
    { url = "https://files.pythonhosted.org/packages/2b/b2/e3234f59ba06559c6ff63c4e10baea10e5e7df868092bf9ab40e5b9c56b6/PyYAML-6.0.2-cp313-cp313-musllinux_1_1_aarch64.whl", hash = "sha256:41e4e3953a79407c794916fa277a82531dd93aad34e29c2a514c2c0c5fe971cc", size = 726660, upload-time = "2024-08-06T20:32:54.708Z" },
    { url = "https://files.pythonhosted.org/packages/fe/0f/25911a9f080464c59fab9027482f822b86bf0608957a5fcc6eaac85aa515/PyYAML-6.0.2-cp313-cp313-musllinux_1_1_x86_64.whl", hash = "sha256:68ccc6023a3400877818152ad9a1033e3db8625d899c72eacb5a668902e4d652", size = 751597, upload-time = "2024-08-06T20:32:56.985Z" },
    { url = "https://files.pythonhosted.org/packages/14/0d/e2c3b43bbce3cf6bd97c840b46088a3031085179e596d4929729d8d68270/PyYAML-6.0.2-cp313-cp313-win32.whl", hash = "sha256:bc2fa7c6b47d6bc618dd7fb02ef6fdedb1090ec036abab80d4681424b84c1183", size = 140527, upload-time = "2024-08-06T20:33:03.001Z" },
    { url = "https://files.pythonhosted.org/packages/fa/de/02b54f42487e3d3c6efb3f89428677074ca7bf43aae402517bc7cca949f3/PyYAML-6.0.2-cp313-cp313-win_amd64.whl", hash = "sha256:8388ee1976c416731879ac16da0aff3f63b286ffdd57cdeb95f3f2e085687563", size = 156446, upload-time = "2024-08-06T20:33:04.33Z" },
]

[[package]]
name = "ruff"
version = "0.11.11"
source = { registry = "https://pypi.org/simple" }
sdist = { url = "https://files.pythonhosted.org/packages/b2/53/ae4857030d59286924a8bdb30d213d6ff22d8f0957e738d0289990091dd8/ruff-0.11.11.tar.gz", hash = "sha256:7774173cc7c1980e6bf67569ebb7085989a78a103922fb83ef3dfe230cd0687d", size = 4186707, upload-time = "2025-05-22T19:19:34.363Z" }
wheels = [
    { url = "https://files.pythonhosted.org/packages/b1/14/f2326676197bab099e2a24473158c21656fbf6a207c65f596ae15acb32b9/ruff-0.11.11-py3-none-linux_armv6l.whl", hash = "sha256:9924e5ae54125ed8958a4f7de320dab7380f6e9fa3195e3dc3b137c6842a0092", size = 10229049, upload-time = "2025-05-22T19:18:45.516Z" },
    { url = "https://files.pythonhosted.org/packages/9a/f3/bff7c92dd66c959e711688b2e0768e486bbca46b2f35ac319bb6cce04447/ruff-0.11.11-py3-none-macosx_10_12_x86_64.whl", hash = "sha256:c8a93276393d91e952f790148eb226658dd275cddfde96c6ca304873f11d2ae4", size = 11053601, upload-time = "2025-05-22T19:18:49.269Z" },
    { url = "https://files.pythonhosted.org/packages/e2/38/8e1a3efd0ef9d8259346f986b77de0f62c7a5ff4a76563b6b39b68f793b9/ruff-0.11.11-py3-none-macosx_11_0_arm64.whl", hash = "sha256:d6e333dbe2e6ae84cdedefa943dfd6434753ad321764fd937eef9d6b62022bcd", size = 10367421, upload-time = "2025-05-22T19:18:51.754Z" },
    { url = "https://files.pythonhosted.org/packages/b4/50/557ad9dd4fb9d0bf524ec83a090a3932d284d1a8b48b5906b13b72800e5f/ruff-0.11.11-py3-none-manylinux_2_17_aarch64.manylinux2014_aarch64.whl", hash = "sha256:7885d9a5e4c77b24e8c88aba8c80be9255fa22ab326019dac2356cff42089fc6", size = 10581980, upload-time = "2025-05-22T19:18:54.011Z" },
    { url = "https://files.pythonhosted.org/packages/c4/b2/e2ed82d6e2739ece94f1bdbbd1d81b712d3cdaf69f0a1d1f1a116b33f9ad/ruff-0.11.11-py3-none-manylinux_2_17_armv7l.manylinux2014_armv7l.whl", hash = "sha256:1b5ab797fcc09121ed82e9b12b6f27e34859e4227080a42d090881be888755d4", size = 10089241, upload-time = "2025-05-22T19:18:56.041Z" },
    { url = "https://files.pythonhosted.org/packages/3d/9f/b4539f037a5302c450d7c695c82f80e98e48d0d667ecc250e6bdeb49b5c3/ruff-0.11.11-py3-none-manylinux_2_17_i686.manylinux2014_i686.whl", hash = "sha256:e231ff3132c1119ece836487a02785f099a43992b95c2f62847d29bace3c75ac", size = 11699398, upload-time = "2025-05-22T19:18:58.248Z" },
    { url = "https://files.pythonhosted.org/packages/61/fb/32e029d2c0b17df65e6eaa5ce7aea5fbeaed22dddd9fcfbbf5fe37c6e44e/ruff-0.11.11-py3-none-manylinux_2_17_ppc64.manylinux2014_ppc64.whl", hash = "sha256:a97c9babe1d4081037a90289986925726b802d180cca784ac8da2bbbc335f709", size = 12427955, upload-time = "2025-05-22T19:19:00.981Z" },
    { url = "https://files.pythonhosted.org/packages/6e/e3/160488dbb11f18c8121cfd588e38095ba779ae208292765972f7732bfd95/ruff-0.11.11-py3-none-manylinux_2_17_ppc64le.manylinux2014_ppc64le.whl", hash = "sha256:d8c4ddcbe8a19f59f57fd814b8b117d4fcea9bee7c0492e6cf5fdc22cfa563c8", size = 12069803, upload-time = "2025-05-22T19:19:03.258Z" },
    { url = "https://files.pythonhosted.org/packages/ff/16/3b006a875f84b3d0bff24bef26b8b3591454903f6f754b3f0a318589dcc3/ruff-0.11.11-py3-none-manylinux_2_17_s390x.manylinux2014_s390x.whl", hash = "sha256:6224076c344a7694c6fbbb70d4f2a7b730f6d47d2a9dc1e7f9d9bb583faf390b", size = 11242630, upload-time = "2025-05-22T19:19:05.871Z" },
    { url = "https://files.pythonhosted.org/packages/65/0d/0338bb8ac0b97175c2d533e9c8cdc127166de7eb16d028a43c5ab9e75abd/ruff-0.11.11-py3-none-manylinux_2_17_x86_64.manylinux2014_x86_64.whl", hash = "sha256:882821fcdf7ae8db7a951df1903d9cb032bbe838852e5fc3c2b6c3ab54e39875", size = 11507310, upload-time = "2025-05-22T19:19:08.584Z" },
    { url = "https://files.pythonhosted.org/packages/6f/bf/d7130eb26174ce9b02348b9f86d5874eafbf9f68e5152e15e8e0a392e4a3/ruff-0.11.11-py3-none-musllinux_1_2_aarch64.whl", hash = "sha256:dcec2d50756463d9df075a26a85a6affbc1b0148873da3997286caf1ce03cae1", size = 10441144, upload-time = "2025-05-22T19:19:13.621Z" },
    { url = "https://files.pythonhosted.org/packages/b3/f3/4be2453b258c092ff7b1761987cf0749e70ca1340cd1bfb4def08a70e8d8/ruff-0.11.11-py3-none-musllinux_1_2_armv7l.whl", hash = "sha256:99c28505ecbaeb6594701a74e395b187ee083ee26478c1a795d35084d53ebd81", size = 10081987, upload-time = "2025-05-22T19:19:15.821Z" },
    { url = "https://files.pythonhosted.org/packages/6c/6e/dfa4d2030c5b5c13db158219f2ec67bf333e8a7748dccf34cfa2a6ab9ebc/ruff-0.11.11-py3-none-musllinux_1_2_i686.whl", hash = "sha256:9263f9e5aa4ff1dec765e99810f1cc53f0c868c5329b69f13845f699fe74f639", size = 11073922, upload-time = "2025-05-22T19:19:18.104Z" },
    { url = "https://files.pythonhosted.org/packages/ff/f4/f7b0b0c3d32b593a20ed8010fa2c1a01f2ce91e79dda6119fcc51d26c67b/ruff-0.11.11-py3-none-musllinux_1_2_x86_64.whl", hash = "sha256:64ac6f885e3ecb2fdbb71de2701d4e34526651f1e8503af8fb30d4915a3fe345", size = 11568537, upload-time = "2025-05-22T19:19:20.889Z" },
    { url = "https://files.pythonhosted.org/packages/d2/46/0e892064d0adc18bcc81deed9aaa9942a27fd2cd9b1b7791111ce468c25f/ruff-0.11.11-py3-none-win32.whl", hash = "sha256:1adcb9a18802268aaa891ffb67b1c94cd70578f126637118e8099b8e4adcf112", size = 10536492, upload-time = "2025-05-22T19:19:23.642Z" },
    { url = "https://files.pythonhosted.org/packages/1b/d9/232e79459850b9f327e9f1dc9c047a2a38a6f9689e1ec30024841fc4416c/ruff-0.11.11-py3-none-win_amd64.whl", hash = "sha256:748b4bb245f11e91a04a4ff0f96e386711df0a30412b9fe0c74d5bdc0e4a531f", size = 11612562, upload-time = "2025-05-22T19:19:27.013Z" },
    { url = "https://files.pythonhosted.org/packages/ce/eb/09c132cff3cc30b2e7244191dcce69437352d6d6709c0adf374f3e6f476e/ruff-0.11.11-py3-none-win_arm64.whl", hash = "sha256:6c51f136c0364ab1b774767aa8b86331bd8e9d414e2d107db7a2189f35ea1f7b", size = 10735951, upload-time = "2025-05-22T19:19:30.043Z" },
]

[[package]]
name = "setuptools"
version = "80.9.0"
source = { registry = "https://pypi.org/simple" }
sdist = { url = "https://files.pythonhosted.org/packages/18/5d/3bf57dcd21979b887f014ea83c24ae194cfcd12b9e0fda66b957c69d1fca/setuptools-80.9.0.tar.gz", hash = "sha256:f36b47402ecde768dbfafc46e8e4207b4360c654f1f3bb84475f0a28628fb19c", size = 1319958, upload-time = "2025-05-27T00:56:51.443Z" }
wheels = [
    { url = "https://files.pythonhosted.org/packages/a3/dc/17031897dae0efacfea57dfd3a82fdd2a2aeb58e0ff71b77b87e44edc772/setuptools-80.9.0-py3-none-any.whl", hash = "sha256:062d34222ad13e0cc312a4c02d73f059e86a4acbfbdea8f8f76b28c99f306922", size = 1201486, upload-time = "2025-05-27T00:56:49.664Z" },
]

[[package]]
name = "setuptools-scm"
version = "8.3.1"
source = { registry = "https://pypi.org/simple" }
dependencies = [
    { name = "packaging" },
    { name = "setuptools" },
]
sdist = { url = "https://files.pythonhosted.org/packages/b9/19/7ae64b70b2429c48c3a7a4ed36f50f94687d3bfcd0ae2f152367b6410dff/setuptools_scm-8.3.1.tar.gz", hash = "sha256:3d555e92b75dacd037d32bafdf94f97af51ea29ae8c7b234cf94b7a5bd242a63", size = 78088, upload-time = "2025-04-23T11:53:19.739Z" }
wheels = [
    { url = "https://files.pythonhosted.org/packages/ab/ac/8f96ba9b4cfe3e4ea201f23f4f97165862395e9331a424ed325ae37024a8/setuptools_scm-8.3.1-py3-none-any.whl", hash = "sha256:332ca0d43791b818b841213e76b1971b7711a960761c5bea5fc5cdb5196fbce3", size = 43935, upload-time = "2025-04-23T11:53:17.922Z" },
]

[[package]]
name = "teletype"
version = "1.1.0"
source = { registry = "https://pypi.org/simple" }
sdist = { url = "https://files.pythonhosted.org/packages/05/4d/19c0f8e928ee75ddd324de66ef1c7fac23dd0fa60f9d5f6b2686da9e24e0/teletype-1.1.0.tar.gz", hash = "sha256:3e3c770bbcb9abe5f1ad3dbfee1a386e6e385a541c062e0d96141ed72a06af0a", size = 15587, upload-time = "2020-05-19T21:27:45.669Z" }
wheels = [
    { url = "https://files.pythonhosted.org/packages/61/53/347ea264742354376aeb36b33d1ea38cd1cbbb3188a87befd16dabf0a6e4/teletype-1.1.0-py2.py3-none-any.whl", hash = "sha256:1a4bb9923bba24d964d61c868badc8b615451373b8f384532323672a40746e34", size = 13717, upload-time = "2020-05-19T21:27:44.606Z" },
]

[[package]]
name = "usda-fdc-loader"
source = { editable = "." }
dependencies = [
    { name = "attrs" },
    { name = "cattrs" },
    { name = "pyyaml" },
    { name = "setuptools-scm" },
    { name = "teletype" },
]

[package.dev-dependencies]
dev = [
    { name = "isort" },
    { name = "ruff" },
    { name = "setuptools-scm" },
]

[package.metadata]
requires-dist = [
    { name = "attrs", specifier = "==21.4.*" },
    { name = "cattrs", specifier = "==1.10.*" },
    { name = "pyyaml", specifier = "==6.*" },
    { name = "setuptools-scm", specifier = "==8.*" },
    { name = "teletype", specifier = "==1.1.*" },
]

[package.metadata.requires-dev]
dev = [
    { name = "isort", specifier = ">=6.0.1" },
    { name = "ruff", specifier = ">=0.11.11" },
    { name = "setuptools-scm", specifier = ">=8.3" },
]
